lockfileVersion: '9.0'

settings:
  autoInstallPeers: true
  excludeLinksFromLockfile: false

importers:

  .:
    dependencies:
      wx-gantt-data-provider:
        specifier: 2.1.1
        version: 2.1.1
      wx-gantt-locales:
        specifier: 2.1.1
        version: 2.1.1
      wx-gantt-store:
        specifier: 2.1.1
        version: 2.1.1
      wx-lib-dom:
        specifier: 0.8.0
        version: 0.8.0
      wx-lib-state:
        specifier: 1.9.0
        version: 1.9.0
      wx-lib-svelte:
        specifier: 0.5.1
        version: 0.5.1
      wx-svelte-core:
        specifier: 2.1.0
        version: 2.1.0
      wx-svelte-grid:
        specifier: 2.1.0
        version: 2.1.0
      wx-svelte-menu:
        specifier: 2.1.0
        version: 2.1.0
      wx-svelte-toolbar:
        specifier: 2.1.0
        version: 2.1.0

packages:

  date-fns@3.6.0:
    resolution: {integrity: sha512-fRHTG8g/Gif+kSh50gaGEdToemgfj74aRX3swtiouboip5JDLAyDE9F11nHMIcvOaXeOC6D7SpNhi7uFyB7Uww==}

  wx-core-locales@2.1.0:
    resolution: {integrity: sha512-KHRz7hbFu5MppubQ69XRKFpYLNJF/gmBCm6KbQJcrKQ4oAaSC4nkGtVsS5DeWrCAHLDbKYS47XnlPUr7G4BoSw==}

  wx-gantt-data-provider@2.1.1:
    resolution: {integrity: sha512-LwKz1RbDds0wvoqPkpBM7JO+lhfhjxpVfLVKGjWsOG8rZ1Xu88RkMTwb65/YTT/L6weBcm/2vmO+KgbGLUkexw==}

  wx-gantt-locales@2.1.1:
    resolution: {integrity: sha512-fjpy3lNN3IQDFaialzv24PD3siIMY9s914HmrZcilTPBXBB+9fb4iXNd+jN44Ccxpq/rB1j/15SbPmbotTeLLg==}

  wx-gantt-store@2.1.1:
    resolution: {integrity: sha512-7es+p099OSuGNwNznzUihpgRak3MFI2NLyIRg7FZMZPE5V57T6EeNzko21j1aTW5RjAtPbn9VhJJa1Eju4hBbA==}

  wx-grid-data-provider@2.1.0:
    resolution: {integrity: sha512-WDM3dM1zZkCECIg8J/5zZVDcWyw2n1scZWmYYvKkJAn1Ja0i6w1qCEFRTKyHKSKccqFYcPn2rdLDpLtEyDesLw==}

  wx-grid-locales@2.1.0:
    resolution: {integrity: sha512-SzKroepZSOWYIi897IUqz0vy1xz/ZxTrmgKX/O4LM2hmES/9rHlp2TBgog2WXfHpbWY+sFCVkW7FD3C0rtEweA==}

  wx-grid-store@2.1.0:
    resolution: {integrity: sha512-nezpgDX2nhO/cfOhDYMKkYARZWN0oPDxG5lvpf5pB4jL12kkYAb8aR5ZSRLJ3yH1UUVep7SfxhtS+B2qPzkkGg==}

  wx-lib-data-provider@1.5.1:
    resolution: {integrity: sha512-ebKYlnmXOuwgQ/812Ux06Uz7tIG3P8euUHB0/hwhL0+Buged+00uFII3bkXQ7jh5DbsTugFqPlzlKTJFQ2l0TA==}

  wx-lib-dom@0.8.0:
    resolution: {integrity: sha512-1jQFsoX8EiA/7D6IT8k8I52PlPFs850etY+k7jqww9CM5L3JEELprKuy422sUfXjnnpMoaVvUrmndWZVOldsAA==}

  wx-lib-state@1.9.0:
    resolution: {integrity: sha512-h2BeV/km+PH00pcHyUhyYJdY50vTBVtPzlA+b6idtoBiglUrP+ahmt9I6QvdKVoIPbIGh6EzqavDXuORucEy4g==}

  wx-lib-svelte@0.5.1:
    resolution: {integrity: sha512-zYfkAv5r0zQ3KFyCPPusC8EkMXUC3I0L1QsK+An0rNlRkY/iocPTOcaouyycg48BdmsBK8fSL0vK0B4oZuujrQ==}

  wx-svelte-core@2.1.0:
    resolution: {integrity: sha512-mtp0YXF23p8OWuvrC/ruVCU8IwR7O4hctOWWsa9KSHJo2feOoHobKuWJWhAitGRpTf7O207AAFCJrr3LkYnLDg==}

  wx-svelte-grid@2.1.0:
    resolution: {integrity: sha512-2gEIxOrxATbalk5C+GHf63p58WB7jnTV1r9/BzESPjohpjJpGGr/yPNvdB0RJl2eCybkjCkIem0rLbPpMPFZFA==}

  wx-svelte-menu@2.1.0:
    resolution: {integrity: sha512-5VSp5T/kzuFXTjboDf/5NApZkz1YCPyvbxvokV0bwFJovYYEoUES4C5yxBRbJiqmZn5UnYgb1QIEjQ140vB3fA==}

  wx-svelte-toolbar@2.1.0:
    resolution: {integrity: sha512-3pPND/Ce8L91Ryu3A/XGHZArCIuRbSwb3SVs6uWLOybDOqSJ5aZeuyNX5YNYUSkgGBiskZBf89UezJLJvCGKjQ==}

snapshots:

  date-fns@3.6.0: {}

  wx-core-locales@2.1.0: {}

  wx-gantt-data-provider@2.1.1:
    dependencies:
      wx-lib-data-provider: 1.5.1

  wx-gantt-locales@2.1.1: {}

  wx-gantt-store@2.1.1:
    dependencies:
      date-fns: 3.6.0
      wx-lib-state: 1.9.0

  wx-grid-data-provider@2.1.0:
    dependencies:
      wx-lib-data-provider: 1.5.1

  wx-grid-locales@2.1.0: {}

  wx-grid-store@2.1.0:
    dependencies:
      wx-lib-state: 1.9.0

  wx-lib-data-provider@1.5.1: {}

  wx-lib-dom@0.8.0: {}

  wx-lib-state@1.9.0: {}

  wx-lib-svelte@0.5.1: {}

  wx-svelte-core@2.1.0:
    dependencies:
      wx-core-locales: 2.1.0
      wx-lib-dom: 0.8.0
      wx-lib-svelte: 0.5.1

  wx-svelte-grid@2.1.0:
    dependencies:
      wx-grid-data-provider: 2.1.0
      wx-grid-locales: 2.1.0
      wx-grid-store: 2.1.0
      wx-lib-dom: 0.8.0
      wx-lib-state: 1.9.0
      wx-lib-svelte: 0.5.1
      wx-svelte-core: 2.1.0
      wx-svelte-menu: 2.1.0

  wx-svelte-menu@2.1.0:
    dependencies:
      wx-lib-dom: 0.8.0
      wx-svelte-core: 2.1.0

  wx-svelte-toolbar@2.1.0:
    dependencies:
      wx-lib-dom: 0.8.0
      wx-svelte-core: 2.1.0
